
Microsoft Visual Studio Solution File, Format Version 12.00
# Visual Studio Version 17
VisualStudioVersion = 17.0.31903.59
MinimumVisualStudioVersion = 10.0.40219.1
Project("{FAE04EC0-301F-11D3-BF4B-00C04F79EFBC}") = "eShop.Web", "eShop.Web\eShop.Web.csproj", "{D0A276EF-1E37-4957-BBAB-6765FF804CCC}"
EndProject
Project("{2150E333-8FDC-42A3-9474-1A3956D46DE8}") = "Payments", "Payments", "{A3EF1564-343E-4543-B052-4B917E4447FD}"
EndProject
Project("{2150E333-8FDC-42A3-9474-1A3956D46DE8}") = "Shared", "Shared", "{04A042B2-CF6F-4456-9EB5-DEA178B9B324}"
EndProject
Project("{FAE04EC0-301F-11D3-BF4B-00C04F79EFBC}") = "eShop.Payments", "Payments\eShop.Payments\eShop.Payments.csproj", "{7F15FFAA-822B-437A-B6F4-BCC2C31FB660}"
EndProject
Project("{FAE04EC0-301F-11D3-BF4B-00C04F79EFBC}") = "eShop.Payments.Contracts", "Payments\eShop.Payments.Contracts\eShop.Payments.Contracts.csproj", "{15EACFA3-099A-4AAB-931A-602509346105}"
EndProject
Project("{FAE04EC0-301F-11D3-BF4B-00C04F79EFBC}") = "eShop.Payments.Tests", "Payments\eShop.Payments.Tests\eShop.Payments.Tests.csproj", "{44CBFA29-6702-4744-8236-BBEF4FA6FFB9}"
EndProject
Project("{FAE04EC0-301F-11D3-BF4B-00C04F79EFBC}") = "eShop.SharedKernel", "Shared\eShop.SharedKernel\eShop.SharedKernel.csproj", "{EDFA53B3-520A-4212-AF95-8FE79AE765FF}"
EndProject
Project("{FAE04EC0-301F-11D3-BF4B-00C04F79EFBC}") = "eShop.UI", "Shared\eShop.UI\eShop.UI.csproj", "{EFA3D746-AAF6-4210-9060-FCDA84CA9AAC}"
EndProject
Project("{2150E333-8FDC-42A3-9474-1A3956D46DE8}") = "Shipments", "Shipments", "{5691F2FF-C6B6-46DD-A303-BD54C10E25BB}"
EndProject
Project("{FAE04EC0-301F-11D3-BF4B-00C04F79EFBC}") = "eShop.Shipments.UI", "Shipments\eShop.Shipments.UI\eShop.Shipments.UI.csproj", "{4D39AD55-92AF-4584-BB31-D4284E46BF2D}"
EndProject
Project("{FAE04EC0-301F-11D3-BF4B-00C04F79EFBC}") = "eShop.Shipments", "Shipments\eShop.Shipments\eShop.Shipments.csproj", "{D3C22429-B0E1-466E-9150-A074FFAE61EB}"
EndProject
Project("{FAE04EC0-301F-11D3-BF4B-00C04F79EFBC}") = "eShop.Shipments.Contracts", "Shipments\eShop.Shipments.Contracts\eShop.Shipments.Contracts.csproj", "{D3A240E9-AC12-4612-82EF-B5ECE4E7A8B7}"
EndProject
Project("{FAE04EC0-301F-11D3-BF4B-00C04F79EFBC}") = "eShop.Shipments.Tests", "Shipments\eShop.Shipments.Tests\eShop.Shipments.Tests.csproj", "{54C07062-9DFB-4B3C-A46E-AC062D7C4A87}"
EndProject
Project("{2150E333-8FDC-42A3-9474-1A3956D46DE8}") = "Billing", "Billing", "{60713C4B-A36E-44A4-8644-D5294275B7A8}"
EndProject
Project("{FAE04EC0-301F-11D3-BF4B-00C04F79EFBC}") = "eShop.Billing", "Billing\eShop.Billing\eShop.Billing.csproj", "{BEB6B773-2324-43C1-BB52-2BC9496FCB19}"
EndProject
Project("{FAE04EC0-301F-11D3-BF4B-00C04F79EFBC}") = "eShop.Billing.Contracts", "Billing\eShop.Billing.Contracts\eShop.Billing.Contracts.csproj", "{001FEDB2-930C-48E7-AB5F-2BE3A0AB01E8}"
EndProject
Project("{FAE04EC0-301F-11D3-BF4B-00C04F79EFBC}") = "eShop.Billing.Tests", "Billing\eShop.Billing.Tests\eShop.Billing.Tests.csproj", "{C8E37FB3-63F6-4112-9DD4-28CDD5D09A3F}"
EndProject
Project("{FAE04EC0-301F-11D3-BF4B-00C04F79EFBC}") = "eShop.Payments.UI", "Payments\eShop.Payments.UI\eShop.Payments.UI.csproj", "{B80A9B39-28C8-4B56-BD19-287AF5999FFA}"
EndProject
Global
	GlobalSection(SolutionConfigurationPlatforms) = preSolution
		Debug|Any CPU = Debug|Any CPU
		Release|Any CPU = Release|Any CPU
	EndGlobalSection
	GlobalSection(SolutionProperties) = preSolution
		HideSolutionNode = FALSE
	EndGlobalSection
	GlobalSection(ProjectConfigurationPlatforms) = postSolution
		{D0A276EF-1E37-4957-BBAB-6765FF804CCC}.Debug|Any CPU.ActiveCfg = Debug|Any CPU
		{D0A276EF-1E37-4957-BBAB-6765FF804CCC}.Debug|Any CPU.Build.0 = Debug|Any CPU
		{D0A276EF-1E37-4957-BBAB-6765FF804CCC}.Release|Any CPU.ActiveCfg = Release|Any CPU
		{D0A276EF-1E37-4957-BBAB-6765FF804CCC}.Release|Any CPU.Build.0 = Release|Any CPU
		{7F15FFAA-822B-437A-B6F4-BCC2C31FB660}.Debug|Any CPU.ActiveCfg = Debug|Any CPU
		{7F15FFAA-822B-437A-B6F4-BCC2C31FB660}.Debug|Any CPU.Build.0 = Debug|Any CPU
		{7F15FFAA-822B-437A-B6F4-BCC2C31FB660}.Release|Any CPU.ActiveCfg = Release|Any CPU
		{7F15FFAA-822B-437A-B6F4-BCC2C31FB660}.Release|Any CPU.Build.0 = Release|Any CPU
		{15EACFA3-099A-4AAB-931A-602509346105}.Debug|Any CPU.ActiveCfg = Debug|Any CPU
		{15EACFA3-099A-4AAB-931A-602509346105}.Debug|Any CPU.Build.0 = Debug|Any CPU
		{15EACFA3-099A-4AAB-931A-602509346105}.Release|Any CPU.ActiveCfg = Release|Any CPU
		{15EACFA3-099A-4AAB-931A-602509346105}.Release|Any CPU.Build.0 = Release|Any CPU
		{44CBFA29-6702-4744-8236-BBEF4FA6FFB9}.Debug|Any CPU.ActiveCfg = Debug|Any CPU
		{44CBFA29-6702-4744-8236-BBEF4FA6FFB9}.Debug|Any CPU.Build.0 = Debug|Any CPU
		{44CBFA29-6702-4744-8236-BBEF4FA6FFB9}.Release|Any CPU.ActiveCfg = Release|Any CPU
		{44CBFA29-6702-4744-8236-BBEF4FA6FFB9}.Release|Any CPU.Build.0 = Release|Any CPU
		{EDFA53B3-520A-4212-AF95-8FE79AE765FF}.Debug|Any CPU.ActiveCfg = Debug|Any CPU
		{EDFA53B3-520A-4212-AF95-8FE79AE765FF}.Debug|Any CPU.Build.0 = Debug|Any CPU
		{EDFA53B3-520A-4212-AF95-8FE79AE765FF}.Release|Any CPU.ActiveCfg = Release|Any CPU
		{EDFA53B3-520A-4212-AF95-8FE79AE765FF}.Release|Any CPU.Build.0 = Release|Any CPU
		{EFA3D746-AAF6-4210-9060-FCDA84CA9AAC}.Debug|Any CPU.ActiveCfg = Debug|Any CPU
		{EFA3D746-AAF6-4210-9060-FCDA84CA9AAC}.Debug|Any CPU.Build.0 = Debug|Any CPU
		{EFA3D746-AAF6-4210-9060-FCDA84CA9AAC}.Release|Any CPU.ActiveCfg = Release|Any CPU
		{EFA3D746-AAF6-4210-9060-FCDA84CA9AAC}.Release|Any CPU.Build.0 = Release|Any CPU
		{4D39AD55-92AF-4584-BB31-D4284E46BF2D}.Debug|Any CPU.ActiveCfg = Debug|Any CPU
		{4D39AD55-92AF-4584-BB31-D4284E46BF2D}.Debug|Any CPU.Build.0 = Debug|Any CPU
		{4D39AD55-92AF-4584-BB31-D4284E46BF2D}.Release|Any CPU.ActiveCfg = Release|Any CPU
		{4D39AD55-92AF-4584-BB31-D4284E46BF2D}.Release|Any CPU.Build.0 = Release|Any CPU
		{D3C22429-B0E1-466E-9150-A074FFAE61EB}.Debug|Any CPU.ActiveCfg = Debug|Any CPU
		{D3C22429-B0E1-466E-9150-A074FFAE61EB}.Debug|Any CPU.Build.0 = Debug|Any CPU
		{D3C22429-B0E1-466E-9150-A074FFAE61EB}.Release|Any CPU.ActiveCfg = Release|Any CPU
		{D3C22429-B0E1-466E-9150-A074FFAE61EB}.Release|Any CPU.Build.0 = Release|Any CPU
		{D3A240E9-AC12-4612-82EF-B5ECE4E7A8B7}.Debug|Any CPU.ActiveCfg = Debug|Any CPU
		{D3A240E9-AC12-4612-82EF-B5ECE4E7A8B7}.Debug|Any CPU.Build.0 = Debug|Any CPU
		{D3A240E9-AC12-4612-82EF-B5ECE4E7A8B7}.Release|Any CPU.ActiveCfg = Release|Any CPU
		{D3A240E9-AC12-4612-82EF-B5ECE4E7A8B7}.Release|Any CPU.Build.0 = Release|Any CPU
		{54C07062-9DFB-4B3C-A46E-AC062D7C4A87}.Debug|Any CPU.ActiveCfg = Debug|Any CPU
		{54C07062-9DFB-4B3C-A46E-AC062D7C4A87}.Debug|Any CPU.Build.0 = Debug|Any CPU
		{54C07062-9DFB-4B3C-A46E-AC062D7C4A87}.Release|Any CPU.ActiveCfg = Release|Any CPU
		{54C07062-9DFB-4B3C-A46E-AC062D7C4A87}.Release|Any CPU.Build.0 = Release|Any CPU
		{BEB6B773-2324-43C1-BB52-2BC9496FCB19}.Debug|Any CPU.ActiveCfg = Debug|Any CPU
		{BEB6B773-2324-43C1-BB52-2BC9496FCB19}.Debug|Any CPU.Build.0 = Debug|Any CPU
		{BEB6B773-2324-43C1-BB52-2BC9496FCB19}.Release|Any CPU.ActiveCfg = Release|Any CPU
		{BEB6B773-2324-43C1-BB52-2BC9496FCB19}.Release|Any CPU.Build.0 = Release|Any CPU
		{001FEDB2-930C-48E7-AB5F-2BE3A0AB01E8}.Debug|Any CPU.ActiveCfg = Debug|Any CPU
		{001FEDB2-930C-48E7-AB5F-2BE3A0AB01E8}.Debug|Any CPU.Build.0 = Debug|Any CPU
		{001FEDB2-930C-48E7-AB5F-2BE3A0AB01E8}.Release|Any CPU.ActiveCfg = Release|Any CPU
		{001FEDB2-930C-48E7-AB5F-2BE3A0AB01E8}.Release|Any CPU.Build.0 = Release|Any CPU
		{C8E37FB3-63F6-4112-9DD4-28CDD5D09A3F}.Debug|Any CPU.ActiveCfg = Debug|Any CPU
		{C8E37FB3-63F6-4112-9DD4-28CDD5D09A3F}.Debug|Any CPU.Build.0 = Debug|Any CPU
		{C8E37FB3-63F6-4112-9DD4-28CDD5D09A3F}.Release|Any CPU.ActiveCfg = Release|Any CPU
		{C8E37FB3-63F6-4112-9DD4-28CDD5D09A3F}.Release|Any CPU.Build.0 = Release|Any CPU
		{B80A9B39-28C8-4B56-BD19-287AF5999FFA}.Debug|Any CPU.ActiveCfg = Debug|Any CPU
		{B80A9B39-28C8-4B56-BD19-287AF5999FFA}.Debug|Any CPU.Build.0 = Debug|Any CPU
		{B80A9B39-28C8-4B56-BD19-287AF5999FFA}.Release|Any CPU.ActiveCfg = Release|Any CPU
		{B80A9B39-28C8-4B56-BD19-287AF5999FFA}.Release|Any CPU.Build.0 = Release|Any CPU
	EndGlobalSection
	GlobalSection(NestedProjects) = preSolution
		{7F15FFAA-822B-437A-B6F4-BCC2C31FB660} = {A3EF1564-343E-4543-B052-4B917E4447FD}
		{15EACFA3-099A-4AAB-931A-602509346105} = {A3EF1564-343E-4543-B052-4B917E4447FD}
		{44CBFA29-6702-4744-8236-BBEF4FA6FFB9} = {A3EF1564-343E-4543-B052-4B917E4447FD}
		{EDFA53B3-520A-4212-AF95-8FE79AE765FF} = {04A042B2-CF6F-4456-9EB5-DEA178B9B324}
		{EFA3D746-AAF6-4210-9060-FCDA84CA9AAC} = {04A042B2-CF6F-4456-9EB5-DEA178B9B324}
		{4D39AD55-92AF-4584-BB31-D4284E46BF2D} = {5691F2FF-C6B6-46DD-A303-BD54C10E25BB}
		{D3C22429-B0E1-466E-9150-A074FFAE61EB} = {5691F2FF-C6B6-46DD-A303-BD54C10E25BB}
		{D3A240E9-AC12-4612-82EF-B5ECE4E7A8B7} = {5691F2FF-C6B6-46DD-A303-BD54C10E25BB}
		{54C07062-9DFB-4B3C-A46E-AC062D7C4A87} = {5691F2FF-C6B6-46DD-A303-BD54C10E25BB}
		{BEB6B773-2324-43C1-BB52-2BC9496FCB19} = {60713C4B-A36E-44A4-8644-D5294275B7A8}
		{001FEDB2-930C-48E7-AB5F-2BE3A0AB01E8} = {60713C4B-A36E-44A4-8644-D5294275B7A8}
		{C8E37FB3-63F6-4112-9DD4-28CDD5D09A3F} = {60713C4B-A36E-44A4-8644-D5294275B7A8}
		{B80A9B39-28C8-4B56-BD19-287AF5999FFA} = {A3EF1564-343E-4543-B052-4B917E4447FD}
	EndGlobalSection
EndGlobal
