
Microsoft Visual Studio Solution File, Format Version 12.00
# Visual Studio Version 17
VisualStudioVersion = 17.0.31903.59
MinimumVisualStudioVersion = 10.0.40219.1
Project("{FAE04EC0-301F-11D3-BF4B-00C04F79EFBC}") = "eShop.Web", "eShop.Web\eShop.Web.csproj", "{D0A276EF-1E37-4957-BBAB-6765FF804CCC}"
EndProject
Project("{2150E333-8FDC-42A3-9474-1A3956D46DE8}") = "Payments", "Payments", "{A3EF1564-343E-4543-B052-4B917E4447FD}"
EndProject
Project("{2150E333-8FDC-42A3-9474-1A3956D46DE8}") = "Shared", "Shared", "{04A042B2-CF6F-4456-9EB5-DEA178B9B324}"
EndProject
Project("{FAE04EC0-301F-11D3-BF4B-00C04F79EFBC}") = "eShop.Payments", "Payments\eShop.Payments\eShop.Payments.csproj", "{7F15FFAA-822B-437A-B6F4-BCC2C31FB660}"
EndProject
Project("{FAE04EC0-301F-11D3-BF4B-00C04F79EFBC}") = "eShop.Payments.Contracts", "Payments\eShop.Payments.Contracts\eShop.Payments.Contracts.csproj", "{15EACFA3-099A-4AAB-931A-602509346105}"
EndProject
Project("{FAE04EC0-301F-11D3-BF4B-00C04F79EFBC}") = "eShop.Payments.Tests", "Payments\eShop.Payments.Tests\eShop.Payments.Tests.csproj", "{44CBFA29-6702-4744-8236-BBEF4FA6FFB9}"
EndProject
Project("{FAE04EC0-301F-11D3-BF4B-00C04F79EFBC}") = "eShop.SharedKernel", "Shared\eShop.SharedKernel\eShop.SharedKernel.csproj", "{EDFA53B3-520A-4212-AF95-8FE79AE765FF}"
EndProject
Project("{FAE04EC0-301F-11D3-BF4B-00C04F79EFBC}") = "eShop.UI", "Shared\eShop.UI\eShop.UI.csproj", "{22FC50A7-CFEE-4CAE-BC4C-AD315537358F}"
EndProject
Project("{FAE04EC0-301F-11D3-BF4B-00C04F79EFBC}") = "eShop.Payments.UI", "Payments\eShop.Payments.UI\eShop.Payments.UI.csproj", "{64DA10AF-92C3-4E59-9A55-20E919409DC1}"
EndProject
Project("{FAE04EC0-301F-11D3-BF4B-00C04F79EFBC}") = "eShop.Payments.HttpModels", "Payments\eShop.Payments.HttpModels\eShop.Payments.HttpModels.csproj", "{7B865C6C-AB84-4857-898B-68E8261294C6}"
EndProject
Project("{2150E333-8FDC-42A3-9474-1A3956D46DE8}") = "Shipments", "Shipments", "{F8E28A09-D110-4283-860E-CF0FEE0B6F79}"
EndProject
Project("{FAE04EC0-301F-11D3-BF4B-00C04F79EFBC}") = "eShop.Shipments.UI", "Shipments\eShop.Shipments.UI\eShop.Shipments.UI.csproj", "{A83FB67D-6B92-41EE-935D-8BA89AE2BB5A}"
EndProject
Project("{FAE04EC0-301F-11D3-BF4B-00C04F79EFBC}") = "eShop.Shipments.HttpModels", "Shipments\eShop.Shipments.HttpModels\eShop.Shipments.HttpModels.csproj", "{9B3B1194-50BB-43B5-82E3-0E8BDDA347D6}"
EndProject
Project("{FAE04EC0-301F-11D3-BF4B-00C04F79EFBC}") = "eShop.Shipments", "Shipments\eShop.Shipments\eShop.Shipments.csproj", "{FA5888B7-689B-4C8E-8CFC-70C98E889526}"
EndProject
Project("{FAE04EC0-301F-11D3-BF4B-00C04F79EFBC}") = "eShop.Shipments.Contracts", "Shipments\eShop.Shipments.Contracts\eShop.Shipments.Contracts.csproj", "{96EEFCE5-6F52-4176-9184-F08FC82B952D}"
EndProject
Project("{FAE04EC0-301F-11D3-BF4B-00C04F79EFBC}") = "eShop.Shipments.Tests", "Shipments\eShop.Shipments.Tests\eShop.Shipments.Tests.csproj", "{4D637994-EEEF-47D9-9C56-635C86C98DBD}"
EndProject
Project("{2150E333-8FDC-42A3-9474-1A3956D46DE8}") = "Billing", "Billing", "{8584BDCF-51E3-4BA1-B770-F39AC0BE819D}"
EndProject
Project("{FAE04EC0-301F-11D3-BF4B-00C04F79EFBC}") = "eShop.Billing", "Billing\eShop.Billing\eShop.Billing.csproj", "{2861562B-358A-49A8-B465-3D5C40C106CF}"
EndProject
Project("{FAE04EC0-301F-11D3-BF4B-00C04F79EFBC}") = "eShop.Billing.Contracts", "Billing\eShop.Billing.Contracts\eShop.Billing.Contracts.csproj", "{57B08E8D-D71C-492D-9173-7744CF785648}"
EndProject
Project("{FAE04EC0-301F-11D3-BF4B-00C04F79EFBC}") = "eShop.Billing.Tests", "Billing\eShop.Billing.Tests\eShop.Billing.Tests.csproj", "{38514F92-F560-4D61-A6FD-629CA83E9448}"
EndProject
Global
	GlobalSection(SolutionConfigurationPlatforms) = preSolution
		Debug|Any CPU = Debug|Any CPU
		Release|Any CPU = Release|Any CPU
	EndGlobalSection
	GlobalSection(SolutionProperties) = preSolution
		HideSolutionNode = FALSE
	EndGlobalSection
	GlobalSection(ProjectConfigurationPlatforms) = postSolution
		{D0A276EF-1E37-4957-BBAB-6765FF804CCC}.Debug|Any CPU.ActiveCfg = Debug|Any CPU
		{D0A276EF-1E37-4957-BBAB-6765FF804CCC}.Debug|Any CPU.Build.0 = Debug|Any CPU
		{D0A276EF-1E37-4957-BBAB-6765FF804CCC}.Release|Any CPU.ActiveCfg = Release|Any CPU
		{D0A276EF-1E37-4957-BBAB-6765FF804CCC}.Release|Any CPU.Build.0 = Release|Any CPU
		{7F15FFAA-822B-437A-B6F4-BCC2C31FB660}.Debug|Any CPU.ActiveCfg = Debug|Any CPU
		{7F15FFAA-822B-437A-B6F4-BCC2C31FB660}.Debug|Any CPU.Build.0 = Debug|Any CPU
		{7F15FFAA-822B-437A-B6F4-BCC2C31FB660}.Release|Any CPU.ActiveCfg = Release|Any CPU
		{7F15FFAA-822B-437A-B6F4-BCC2C31FB660}.Release|Any CPU.Build.0 = Release|Any CPU
		{15EACFA3-099A-4AAB-931A-602509346105}.Debug|Any CPU.ActiveCfg = Debug|Any CPU
		{15EACFA3-099A-4AAB-931A-602509346105}.Debug|Any CPU.Build.0 = Debug|Any CPU
		{15EACFA3-099A-4AAB-931A-602509346105}.Release|Any CPU.ActiveCfg = Release|Any CPU
		{15EACFA3-099A-4AAB-931A-602509346105}.Release|Any CPU.Build.0 = Release|Any CPU
		{44CBFA29-6702-4744-8236-BBEF4FA6FFB9}.Debug|Any CPU.ActiveCfg = Debug|Any CPU
		{44CBFA29-6702-4744-8236-BBEF4FA6FFB9}.Debug|Any CPU.Build.0 = Debug|Any CPU
		{44CBFA29-6702-4744-8236-BBEF4FA6FFB9}.Release|Any CPU.ActiveCfg = Release|Any CPU
		{44CBFA29-6702-4744-8236-BBEF4FA6FFB9}.Release|Any CPU.Build.0 = Release|Any CPU
		{EDFA53B3-520A-4212-AF95-8FE79AE765FF}.Debug|Any CPU.ActiveCfg = Debug|Any CPU
		{EDFA53B3-520A-4212-AF95-8FE79AE765FF}.Debug|Any CPU.Build.0 = Debug|Any CPU
		{EDFA53B3-520A-4212-AF95-8FE79AE765FF}.Release|Any CPU.ActiveCfg = Release|Any CPU
		{EDFA53B3-520A-4212-AF95-8FE79AE765FF}.Release|Any CPU.Build.0 = Release|Any CPU
		{22FC50A7-CFEE-4CAE-BC4C-AD315537358F}.Debug|Any CPU.ActiveCfg = Debug|Any CPU
		{22FC50A7-CFEE-4CAE-BC4C-AD315537358F}.Debug|Any CPU.Build.0 = Debug|Any CPU
		{22FC50A7-CFEE-4CAE-BC4C-AD315537358F}.Release|Any CPU.ActiveCfg = Release|Any CPU
		{22FC50A7-CFEE-4CAE-BC4C-AD315537358F}.Release|Any CPU.Build.0 = Release|Any CPU
		{64DA10AF-92C3-4E59-9A55-20E919409DC1}.Debug|Any CPU.ActiveCfg = Debug|Any CPU
		{64DA10AF-92C3-4E59-9A55-20E919409DC1}.Debug|Any CPU.Build.0 = Debug|Any CPU
		{64DA10AF-92C3-4E59-9A55-20E919409DC1}.Release|Any CPU.ActiveCfg = Release|Any CPU
		{64DA10AF-92C3-4E59-9A55-20E919409DC1}.Release|Any CPU.Build.0 = Release|Any CPU
		{7B865C6C-AB84-4857-898B-68E8261294C6}.Debug|Any CPU.ActiveCfg = Debug|Any CPU
		{7B865C6C-AB84-4857-898B-68E8261294C6}.Debug|Any CPU.Build.0 = Debug|Any CPU
		{7B865C6C-AB84-4857-898B-68E8261294C6}.Release|Any CPU.ActiveCfg = Release|Any CPU
		{7B865C6C-AB84-4857-898B-68E8261294C6}.Release|Any CPU.Build.0 = Release|Any CPU
		{A83FB67D-6B92-41EE-935D-8BA89AE2BB5A}.Debug|Any CPU.ActiveCfg = Debug|Any CPU
		{A83FB67D-6B92-41EE-935D-8BA89AE2BB5A}.Debug|Any CPU.Build.0 = Debug|Any CPU
		{A83FB67D-6B92-41EE-935D-8BA89AE2BB5A}.Release|Any CPU.ActiveCfg = Release|Any CPU
		{A83FB67D-6B92-41EE-935D-8BA89AE2BB5A}.Release|Any CPU.Build.0 = Release|Any CPU
		{9B3B1194-50BB-43B5-82E3-0E8BDDA347D6}.Debug|Any CPU.ActiveCfg = Debug|Any CPU
		{9B3B1194-50BB-43B5-82E3-0E8BDDA347D6}.Debug|Any CPU.Build.0 = Debug|Any CPU
		{9B3B1194-50BB-43B5-82E3-0E8BDDA347D6}.Release|Any CPU.ActiveCfg = Release|Any CPU
		{9B3B1194-50BB-43B5-82E3-0E8BDDA347D6}.Release|Any CPU.Build.0 = Release|Any CPU
		{FA5888B7-689B-4C8E-8CFC-70C98E889526}.Debug|Any CPU.ActiveCfg = Debug|Any CPU
		{FA5888B7-689B-4C8E-8CFC-70C98E889526}.Debug|Any CPU.Build.0 = Debug|Any CPU
		{FA5888B7-689B-4C8E-8CFC-70C98E889526}.Release|Any CPU.ActiveCfg = Release|Any CPU
		{FA5888B7-689B-4C8E-8CFC-70C98E889526}.Release|Any CPU.Build.0 = Release|Any CPU
		{96EEFCE5-6F52-4176-9184-F08FC82B952D}.Debug|Any CPU.ActiveCfg = Debug|Any CPU
		{96EEFCE5-6F52-4176-9184-F08FC82B952D}.Debug|Any CPU.Build.0 = Debug|Any CPU
		{96EEFCE5-6F52-4176-9184-F08FC82B952D}.Release|Any CPU.ActiveCfg = Release|Any CPU
		{96EEFCE5-6F52-4176-9184-F08FC82B952D}.Release|Any CPU.Build.0 = Release|Any CPU
		{4D637994-EEEF-47D9-9C56-635C86C98DBD}.Debug|Any CPU.ActiveCfg = Debug|Any CPU
		{4D637994-EEEF-47D9-9C56-635C86C98DBD}.Debug|Any CPU.Build.0 = Debug|Any CPU
		{4D637994-EEEF-47D9-9C56-635C86C98DBD}.Release|Any CPU.ActiveCfg = Release|Any CPU
		{4D637994-EEEF-47D9-9C56-635C86C98DBD}.Release|Any CPU.Build.0 = Release|Any CPU
		{2861562B-358A-49A8-B465-3D5C40C106CF}.Debug|Any CPU.ActiveCfg = Debug|Any CPU
		{2861562B-358A-49A8-B465-3D5C40C106CF}.Debug|Any CPU.Build.0 = Debug|Any CPU
		{2861562B-358A-49A8-B465-3D5C40C106CF}.Release|Any CPU.ActiveCfg = Release|Any CPU
		{2861562B-358A-49A8-B465-3D5C40C106CF}.Release|Any CPU.Build.0 = Release|Any CPU
		{57B08E8D-D71C-492D-9173-7744CF785648}.Debug|Any CPU.ActiveCfg = Debug|Any CPU
		{57B08E8D-D71C-492D-9173-7744CF785648}.Debug|Any CPU.Build.0 = Debug|Any CPU
		{57B08E8D-D71C-492D-9173-7744CF785648}.Release|Any CPU.ActiveCfg = Release|Any CPU
		{57B08E8D-D71C-492D-9173-7744CF785648}.Release|Any CPU.Build.0 = Release|Any CPU
		{38514F92-F560-4D61-A6FD-629CA83E9448}.Debug|Any CPU.ActiveCfg = Debug|Any CPU
		{38514F92-F560-4D61-A6FD-629CA83E9448}.Debug|Any CPU.Build.0 = Debug|Any CPU
		{38514F92-F560-4D61-A6FD-629CA83E9448}.Release|Any CPU.ActiveCfg = Release|Any CPU
		{38514F92-F560-4D61-A6FD-629CA83E9448}.Release|Any CPU.Build.0 = Release|Any CPU
	EndGlobalSection
	GlobalSection(NestedProjects) = preSolution
		{7F15FFAA-822B-437A-B6F4-BCC2C31FB660} = {A3EF1564-343E-4543-B052-4B917E4447FD}
		{15EACFA3-099A-4AAB-931A-602509346105} = {A3EF1564-343E-4543-B052-4B917E4447FD}
		{44CBFA29-6702-4744-8236-BBEF4FA6FFB9} = {A3EF1564-343E-4543-B052-4B917E4447FD}
		{EDFA53B3-520A-4212-AF95-8FE79AE765FF} = {04A042B2-CF6F-4456-9EB5-DEA178B9B324}
		{22FC50A7-CFEE-4CAE-BC4C-AD315537358F} = {04A042B2-CF6F-4456-9EB5-DEA178B9B324}
		{64DA10AF-92C3-4E59-9A55-20E919409DC1} = {A3EF1564-343E-4543-B052-4B917E4447FD}
		{7B865C6C-AB84-4857-898B-68E8261294C6} = {A3EF1564-343E-4543-B052-4B917E4447FD}
		{A83FB67D-6B92-41EE-935D-8BA89AE2BB5A} = {F8E28A09-D110-4283-860E-CF0FEE0B6F79}
		{9B3B1194-50BB-43B5-82E3-0E8BDDA347D6} = {F8E28A09-D110-4283-860E-CF0FEE0B6F79}
		{FA5888B7-689B-4C8E-8CFC-70C98E889526} = {F8E28A09-D110-4283-860E-CF0FEE0B6F79}
		{96EEFCE5-6F52-4176-9184-F08FC82B952D} = {F8E28A09-D110-4283-860E-CF0FEE0B6F79}
		{4D637994-EEEF-47D9-9C56-635C86C98DBD} = {F8E28A09-D110-4283-860E-CF0FEE0B6F79}
		{2861562B-358A-49A8-B465-3D5C40C106CF} = {8584BDCF-51E3-4BA1-B770-F39AC0BE819D}
		{57B08E8D-D71C-492D-9173-7744CF785648} = {8584BDCF-51E3-4BA1-B770-F39AC0BE819D}
		{38514F92-F560-4D61-A6FD-629CA83E9448} = {8584BDCF-51E3-4BA1-B770-F39AC0BE819D}
	EndGlobalSection
EndGlobal
